
Microsoft Visual Studio Solution File, Format Version 12.00
# Visual Studio Version 16
VisualStudioVersion = 16.0.29009.5
MinimumVisualStudioVersion = 10.0.40219.1
Project("{2150E333-8FDC-42A3-9474-1A3956D46DE8}") = "Docs", "Docs", "{771DEAE4-1A46-4E7F-8DAB-892F9E9C5C4A}"
EndProject
Project("{2150E333-8FDC-42A3-9474-1A3956D46DE8}") = "Src", "Src", "{32DC55EB-8842-4C0A-9214-D6249E009A3F}"
EndProject
Project("{2150E333-8FDC-42A3-9474-1A3956D46DE8}") = "Test", "Test", "{CC47793F-D1CB-4698-A39D-E6AD0B21D4BA}"
EndProject
Project("{9A19103F-16F7-4668-BE54-9A1E7A4F7556}") = "Domain", "Domain\Domain.csproj", "{0120E08E-C692-4C57-9A62-7CCF3E1FB7BE}"
EndProject
Project("{2150E333-8FDC-42A3-9474-1A3956D46DE8}") = "Infraestructure", "Infraestructure", "{2ACDB593-D82A-481F-A17D-137AAF080C30}"
EndProject
Project("{2150E333-8FDC-42A3-9474-1A3956D46DE8}") = "Core", "Core", "{2C5780B3-BEFE-45E8-AE25-296596076053}"
EndProject
Project("{9A19103F-16F7-4668-BE54-9A1E7A4F7556}") = "Application", "Application\Application.csproj", "{253F5489-D943-458E-A3F4-01ECD345C5CC}"
EndProject
Project("{9A19103F-16F7-4668-BE54-9A1E7A4F7556}") = "Infraestructure", "Infraestructure\Infraestructure.csproj", "{96892FB1-E8CB-4CED-BAB0-1C6A58120D2B}"
EndProject
Project("{9A19103F-16F7-4668-BE54-9A1E7A4F7556}") = "Persistence", "Persistence\Persistence.csproj", "{06D9E664-F7B7-40AB-99FF-EA4D6967F654}"
EndProject
Project("{9A19103F-16F7-4668-BE54-9A1E7A4F7556}") = "Common", "Common\Common.csproj", "{C6DFF3FB-359A-4FA9-BD02-FF766115B972}"
EndProject
Project("{2150E333-8FDC-42A3-9474-1A3956D46DE8}") = "Presentation", "Presentation", "{0037C75B-A64B-4031-8761-590FD524A6A4}"
EndProject
Project("{FAE04EC0-301F-11D3-BF4B-00C04F79EFBC}") = "WebUI", "WebUI\WebUI.csproj", "{D4D5473B-9359-4550-A3AF-05FBE26E661C}"
EndProject
Global
	GlobalSection(SolutionConfigurationPlatforms) = preSolution
		Debug|Any CPU = Debug|Any CPU
		Release|Any CPU = Release|Any CPU
	EndGlobalSection
	GlobalSection(ProjectConfigurationPlatforms) = postSolution
		{0120E08E-C692-4C57-9A62-7CCF3E1FB7BE}.Debug|Any CPU.ActiveCfg = Debug|Any CPU
		{0120E08E-C692-4C57-9A62-7CCF3E1FB7BE}.Debug|Any CPU.Build.0 = Debug|Any CPU
		{0120E08E-C692-4C57-9A62-7CCF3E1FB7BE}.Release|Any CPU.ActiveCfg = Release|Any CPU
		{0120E08E-C692-4C57-9A62-7CCF3E1FB7BE}.Release|Any CPU.Build.0 = Release|Any CPU
		{253F5489-D943-458E-A3F4-01ECD345C5CC}.Debug|Any CPU.ActiveCfg = Debug|Any CPU
		{253F5489-D943-458E-A3F4-01ECD345C5CC}.Debug|Any CPU.Build.0 = Debug|Any CPU
		{253F5489-D943-458E-A3F4-01ECD345C5CC}.Release|Any CPU.ActiveCfg = Release|Any CPU
		{253F5489-D943-458E-A3F4-01ECD345C5CC}.Release|Any CPU.Build.0 = Release|Any CPU
		{96892FB1-E8CB-4CED-BAB0-1C6A58120D2B}.Debug|Any CPU.ActiveCfg = Debug|Any CPU
		{96892FB1-E8CB-4CED-BAB0-1C6A58120D2B}.Debug|Any CPU.Build.0 = Debug|Any CPU
		{96892FB1-E8CB-4CED-BAB0-1C6A58120D2B}.Release|Any CPU.ActiveCfg = Release|Any CPU
		{96892FB1-E8CB-4CED-BAB0-1C6A58120D2B}.Release|Any CPU.Build.0 = Release|Any CPU
		{06D9E664-F7B7-40AB-99FF-EA4D6967F654}.Debug|Any CPU.ActiveCfg = Debug|Any CPU
		{06D9E664-F7B7-40AB-99FF-EA4D6967F654}.Debug|Any CPU.Build.0 = Debug|Any CPU
		{06D9E664-F7B7-40AB-99FF-EA4D6967F654}.Release|Any CPU.ActiveCfg = Release|Any CPU
		{06D9E664-F7B7-40AB-99FF-EA4D6967F654}.Release|Any CPU.Build.0 = Release|Any CPU
		{C6DFF3FB-359A-4FA9-BD02-FF766115B972}.Debug|Any CPU.ActiveCfg = Debug|Any CPU
		{C6DFF3FB-359A-4FA9-BD02-FF766115B972}.Debug|Any CPU.Build.0 = Debug|Any CPU
		{C6DFF3FB-359A-4FA9-BD02-FF766115B972}.Release|Any CPU.ActiveCfg = Release|Any CPU
		{C6DFF3FB-359A-4FA9-BD02-FF766115B972}.Release|Any CPU.Build.0 = Release|Any CPU
		{D4D5473B-9359-4550-A3AF-05FBE26E661C}.Debug|Any CPU.ActiveCfg = Debug|Any CPU
		{D4D5473B-9359-4550-A3AF-05FBE26E661C}.Debug|Any CPU.Build.0 = Debug|Any CPU
		{D4D5473B-9359-4550-A3AF-05FBE26E661C}.Release|Any CPU.ActiveCfg = Release|Any CPU
		{D4D5473B-9359-4550-A3AF-05FBE26E661C}.Release|Any CPU.Build.0 = Release|Any CPU
	EndGlobalSection
	GlobalSection(SolutionProperties) = preSolution
		HideSolutionNode = FALSE
	EndGlobalSection
	GlobalSection(NestedProjects) = preSolution
		{0120E08E-C692-4C57-9A62-7CCF3E1FB7BE} = {2C5780B3-BEFE-45E8-AE25-296596076053}
		{2ACDB593-D82A-481F-A17D-137AAF080C30} = {32DC55EB-8842-4C0A-9214-D6249E009A3F}
		{2C5780B3-BEFE-45E8-AE25-296596076053} = {32DC55EB-8842-4C0A-9214-D6249E009A3F}
		{253F5489-D943-458E-A3F4-01ECD345C5CC} = {2C5780B3-BEFE-45E8-AE25-296596076053}
		{96892FB1-E8CB-4CED-BAB0-1C6A58120D2B} = {2ACDB593-D82A-481F-A17D-137AAF080C30}
		{06D9E664-F7B7-40AB-99FF-EA4D6967F654} = {2ACDB593-D82A-481F-A17D-137AAF080C30}
		{C6DFF3FB-359A-4FA9-BD02-FF766115B972} = {2C5780B3-BEFE-45E8-AE25-296596076053}
		{0037C75B-A64B-4031-8761-590FD524A6A4} = {32DC55EB-8842-4C0A-9214-D6249E009A3F}
		{D4D5473B-9359-4550-A3AF-05FBE26E661C} = {0037C75B-A64B-4031-8761-590FD524A6A4}
	EndGlobalSection
	GlobalSection(ExtensibilityGlobals) = postSolution
		SolutionGuid = {2223F411-357E-496B-9159-CE9A7DDEDCD6}
	EndGlobalSection
EndGlobal
